github.com/KHYehor/design-lab2 v0.0.0-20200508195315-9027197e974c h1:5TOEFXr66Vc4XqW9CckjiKSVWZoQFpDjIj00UkVxrkU=
github.com/KHYehor/design-lab2 v0.0.0-20200508195315-9027197e974c/go.mod h1:cNaIcp4ogEYP4dcCgbqRQARUOJz2p2tnQnHr1LSZhKI=
github.com/KHYehor/design-lab2 v0.0.0-20200508200841-97aba691e5bd h1:4yuGbUJ6Jra7Sr669heLAVbCZGBWn/OhwLmRdtlkCt8=
github.com/KHYehor/design-lab2 v0.0.0-20200508200841-97aba691e5bd/go.mod h1:cNaIcp4ogEYP4dcCgbqRQARUOJz2p2tnQnHr1LSZhKI=
github.com/KHYehor/design-lab2 v0.0.0-20200508201828-3bf02ed7ea3a h1:hcJDHV+gdIHqitkh8DhT+LK3GxSITBpenEWgPslib5c=
github.com/KHYehor/design-lab2 v0.0.0-20200508201828-3bf02ed7ea3a/go.mod h1:cNaIcp4ogEYP4dcCgbqRQARUOJz2p2tnQnHr1LSZhKI=
github.com/KHYehor/design-lab2 v0.0.0-20200508202011-30b53c44fac9 h1:jJ+JGTMgSA4QFo5DymSF7NC3QTJoq2zDW9wwLuKWHE0=
github.com/KHYehor/design-lab2 v0.0.0-20200508202011-30b53c44fac9/go.mod h1:cNaIcp4ogEYP4dcCgbqRQARUOJz2p2tnQnHr1LSZhKI=
github.com/KHYehor/design-lab2 v0.0.0-20200508202914-39a61e1fc3dd h1:IHeq4GEQRSwZfKS6SuIxaZV3K9+fwgA02pb7rfNc/0M=
github.com/KHYehor/design-lab2 v0.0.0-20200508202914-39a61e1fc3dd/go.mod h1:cNaIcp4ogEYP4dcCgbqRQARUOJz2p2tnQnHr1LSZhKI=
github.com/KHYehor/design-lab2 v0.0.0-20200508203425-9724f7ea0f58 h1:ESTQqRqYZCyBsNp+Ppa9feSgKB8ggRYDZhaTHGvN+y8=
github.com/KHYehor/design-lab2 v0.0.0-20200508203425-9724f7ea0f58/go.mod h1:cNaIcp4ogEYP4dcCgbqRQARUOJz2p2tnQnHr1LSZhKI=
github.com/KHYehor/design-lab2 v0.0.0-20200510110416-ae9f9ef23c48 h1:n69kRX19vnHuM+B+Eqbvi1oI6r+Nw1rGprnps6a6guw=
github.com/KHYehor/design-lab2 v0.0.0-20200510110416-ae9f9ef23c48/go.mod h1:cNaIcp4ogEYP4dcCgbqRQARUOJz2p2tnQnHr1LSZhKI=
github.com/Tornado9966/Lab2_Go v0.0.0-20200508140112-f7ad89c53bf2 h1:lpE89vjJiaAt8anM9cZEA6RWJwl0twss0oYLgF3ItYM=
github.com/Tornado9966/Lab2_Go v0.0.0-20200508140112-f7ad89c53bf2/go.mod h1:2E0b1yreupu/EUGZchgit3ECH2NotljocMAyy0PkQBw=
github.com/davecgh/go-spew v1.1.0 h1:ZDRjVQ15GmhC3fiQ8ni8+OwkZQO4DARzQgrnXU1Liz8=
github.com/davecgh/go-spew v1.1.0/go.mod h1:J7Y8YcW2NihsgmVo/mv3lAwl/skON4iLHjSsI+c5H38=
github.com/dkalytovskyi/go-lab-2 v0.0.0-20200404224515-8d5e78c79eb0 h1:OHcLOL7F0FGZH81n5ZygdjPkPdytiNd1FCaZlY3cdx8=
github.com/dkalytovskyi/go-lab-2 v0.0.0-20200404224515-8d5e78c79eb0/go.mod h1:E5FzNgm1gcWt04qsCeuJlqgI12p5hAIo4w3PTOPgPbk=
github.com/google/blueprint v0.0.0-20200305182927-215230a3e856/go.mod h1:XjUnsvcdWlyS1DoCAZHjS8jPbP1bs2O3WSrDMgG7Bxc=
github.com/pmezard/go-difflib v1.0.0 h1:4DBwDE0NGyQoBHbLQYPwSUPoCMWR5BEzIk/f1lZbAQM=
github.com/pmezard/go-difflib v1.0.0/go.mod h1:iKH77koFhYxTK1pcRnkKkqfTogsbg7gZNVY4sRDYZ/4=
github.com/roman-mazur/bood v0.0.5/go.mod h1:w66c0jFfvSmRX1lP0p5kwz4373VuJYOhX02O6cQxFgc=
github.com/roman-mazur/bood v0.0.6 h1:Nt63/h6V0IZPcOH5us+AqpXq81Tt2IClt9iN0ETjBAc=
github.com/roman-mazur/bood v0.0.6/go.mod h1:w66c0jFfvSmRX1lP0p5kwz4373VuJYOhX02O6cQxFgc=
github.com/stretchr/objx v0.1.0/go.mod h1:HFkY916IF+rwdDfMAkV7OtwuqBVzrE8GR6GFx+wExME=
github.com/stretchr/testify v1.5.1 h1:nOGnQDM7FYENwehXlg/kFVnos3rEvtKTjRvOWSzb6H4=
github.com/stretchr/testify v1.5.1/go.mod h1:5W2xD1RspED5o8YsWQXVCued0rvSQ+mT+I5cxcmMvtA=
github.com/yuin/goldmark v1.1.27/go.mod h1:3hX8gzYuyVAZsxl0MRgGTJEmQBFcNTphYh9decYSb74=
golang.org/x/crypto v0.0.0-20190308221718-c2843e01d9a2/go.mod h1:djNgcEr1/C05ACkg1iLfiJU5Ep61QUkGW8qpdssI0+w=
golang.org/x/crypto v0.0.0-20191011191535-87dc89f01550/go.mod h1:yigFU9vqHzYiE8UmvKecakEJjdnWj3jj499lnFckfCI=
golang.org/x/mod v0.2.0/go.mod h1:s0Qsj1ACt9ePp/hMypM3fl4fZqREWJwdYDEqhRiZZUA=
golang.org/x/net v0.0.0-20190404232315-eb5bcb51f2a3/go.mod h1:t9HGtf8HONx5eT2rtn7q6eTqICYqUVnKs3thJo3Qplg=
golang.org/x/net v0.0.0-20190620200207-3b0461eec859/go.mod h1:z5CRVTTTmAJ677TzLLGU+0bjPO0LkuOLi4/5GtJWs/s=
golang.org/x/net v0.0.0-20200226121028-0de0cce0169b/go.mod h1:z5CRVTTTmAJ677TzLLGU+0bjPO0LkuOLi4/5GtJWs/s=
golang.org/x/net v0.0.0-20200324143707-d3edc9973b7e/go.mod h1:qpuaurCH72eLCgpAm/N6yyVIVM9cpaDIP3A8BGJEC5A=
golang.org/x/sync v0.0.0-20190423024810-112230192c58/go.mod h1:RxMgew5VJxzue5/jJTE5uejpjVlOe/izrB70Jof72aM=
golang.org/x/sync v0.0.0-20190911185100-cd5d95a43a6e/go.mod h1:RxMgew5VJxzue5/jJTE5uejpjVlOe/izrB70Jof72aM=
golang.org/x/sys v0.0.0-20190215142949-d0b11bdaac8a/go.mod h1:STP8DvDyc/dI5b8T5hshtkjS+E42TnysNCUPdjciGhY=
golang.org/x/sys v0.0.0-20190412213103-97732733099d/go.mod h1:h1NjWce9XRLGQEsW7wpKNCjG9DtNlClVuFLEZdDNbEs=
golang.org/x/sys v0.0.0-20200323222414-85ca7c5b95cd/go.mod h1:h1NjWce9XRLGQEsW7wpKNCjG9DtNlClVuFLEZdDNbEs=
golang.org/x/text v0.3.0/go.mod h1:NqM8EUOU14njkJ3fqMW+pc6Ldnwhi/IjpwHt7yyuwOQ=
golang.org/x/tools v0.0.0-20191119224855-298f0cb1881e/go.mod h1:b+2E5dAYhXwXZwtnZ6UAqBI28+e2cm9otk0dWdXHAEo=
golang.org/x/tools v0.0.0-20200401192744-099440627f01/go.mod h1:EkVYQZoAsY45+roYkvgYkIh4xh/qjgUK9TdY2XT94GE=
golang.org/x/tools v0.0.0-20200403190813-44a64ad78b9b/go.mod h1:EkVYQZoAsY45+roYkvgYkIh4xh/qjgUK9TdY2XT94GE=
golang.org/x/xerrors v0.0.0-20190717185122-a985d3407aa7/go.mod h1:I/5z698sn9Ka8TeJc9MKroUUfqBBauWjQqLJ2OPfmY0=
golang.org/x/xerrors v0.0.0-20191011141410-1b5146add898/go.mod h1:I/5z698sn9Ka8TeJc9MKroUUfqBBauWjQqLJ2OPfmY0=
golang.org/x/xerrors v0.0.0-20191204190536-9bdfabe68543/go.mod h1:I/5z698sn9Ka8TeJc9MKroUUfqBBauWjQqLJ2OPfmY0=
gopkg.in/check.v1 v0.0.0-20161208181325-20d25e280405 h1:yhCVgyC4o1eVCa2tZl7eS0r+SDo693bJlVdllGtEeKM=
gopkg.in/check.v1 v0.0.0-20161208181325-20d25e280405/go.mod h1:Co6ibVJAznAaIkqp8huTwlJQCZ016jof/cbN4VW5Yz0=
gopkg.in/yaml.v2 v2.2.2 h1:ZCJp+EgiOT7lHqUV2J862kp8Qj64Jo6az82+3Td9dZw=
gopkg.in/yaml.v2 v2.2.2/go.mod h1:hI93XBmqTisBFMUTm0b8Fm+jr3Dg1NNxqwp+5A1VGuI=
